
Microsoft Visual Studio Solution File, Format Version 12.00
# Visual Studio Version 17
VisualStudioVersion = 17.7.34003.232
MinimumVisualStudioVersion = 10.0.40219.1
Project("{FAE04EC0-301F-11D3-BF4B-00C04F79EFBC}") = "Veterinary.Shared", "Veterinary.Shared\Veterinary.Shared.csproj", "{538DDCC3-5011-4ECA-9277-91BF475723F2}"
EndProject
Project("{FAE04EC0-301F-11D3-BF4B-00C04F79EFBC}") = "Veterinary.API", "..\Veterinary.API\Veterinary.API.csproj", "{B712014C-47FE-4FB3-8938-33C11171A3F4}"
EndProject
Project("{FAE04EC0-301F-11D3-BF4B-00C04F79EFBC}") = "Veterinary.WEB", "..\Veterinary.WEB\Veterinary.WEB.csproj", "{69855DD4-A23B-46D4-B228-DC3D608F4AD2}"
EndProject
Global
	GlobalSection(SolutionConfigurationPlatforms) = preSolution
		Debug|Any CPU = Debug|Any CPU
		Release|Any CPU = Release|Any CPU
	EndGlobalSection
	GlobalSection(ProjectConfigurationPlatforms) = postSolution
		{538DDCC3-5011-4ECA-9277-91BF475723F2}.Debug|Any CPU.ActiveCfg = Debug|Any CPU
		{538DDCC3-5011-4ECA-9277-91BF475723F2}.Debug|Any CPU.Build.0 = Debug|Any CPU
		{538DDCC3-5011-4ECA-9277-91BF475723F2}.Release|Any CPU.ActiveCfg = Release|Any CPU
		{538DDCC3-5011-4ECA-9277-91BF475723F2}.Release|Any CPU.Build.0 = Release|Any CPU
		{B712014C-47FE-4FB3-8938-33C11171A3F4}.Debug|Any CPU.ActiveCfg = Debug|Any CPU
		{B712014C-47FE-4FB3-8938-33C11171A3F4}.Debug|Any CPU.Build.0 = Debug|Any CPU
		{B712014C-47FE-4FB3-8938-33C11171A3F4}.Release|Any CPU.ActiveCfg = Release|Any CPU
		{B712014C-47FE-4FB3-8938-33C11171A3F4}.Release|Any CPU.Build.0 = Release|Any CPU
		{69855DD4-A23B-46D4-B228-DC3D608F4AD2}.Debug|Any CPU.ActiveCfg = Debug|Any CPU
		{69855DD4-A23B-46D4-B228-DC3D608F4AD2}.Debug|Any CPU.Build.0 = Debug|Any CPU
		{69855DD4-A23B-46D4-B228-DC3D608F4AD2}.Release|Any CPU.ActiveCfg = Release|Any CPU
		{69855DD4-A23B-46D4-B228-DC3D608F4AD2}.Release|Any CPU.Build.0 = Release|Any CPU
	EndGlobalSection
	GlobalSection(SolutionProperties) = preSolution
		HideSolutionNode = FALSE
	EndGlobalSection
	GlobalSection(ExtensibilityGlobals) = postSolution
		SolutionGuid = {EB2AA93F-47D5-41D8-8BE0-C71C953057D8}
	EndGlobalSection
EndGlobal
